
Microsoft Visual Studio Solution File, Format Version 12.00
# Visual Studio Version 16
VisualStudioVersion = 16.0.30907.101
MinimumVisualStudioVersion = 10.0.40219.1
Project("{FAE04EC0-301F-11D3-BF4B-00C04F79EFBC}") = "M17A_Projeto_0", "M17A_Projeto_0\M17A_Projeto_0.csproj", "{70CFF097-2D64-4EB8-A864-F58413FBC66A}"
EndProject
Global
	GlobalSection(SolutionConfigurationPlatforms) = preSolution
		Debug|Any CPU = Debug|Any CPU
		Release|Any CPU = Release|Any CPU
	EndGlobalSection
	GlobalSection(ProjectConfigurationPlatforms) = postSolution
		{70CFF097-2D64-4EB8-A864-F58413FBC66A}.Debug|Any CPU.ActiveCfg = Debug|Any CPU
		{70CFF097-2D64-4EB8-A864-F58413FBC66A}.Debug|Any CPU.Build.0 = Debug|Any CPU
		{70CFF097-2D64-4EB8-A864-F58413FBC66A}.Release|Any CPU.ActiveCfg = Release|Any CPU
		{70CFF097-2D64-4EB8-A864-F58413FBC66A}.Release|Any CPU.Build.0 = Release|Any CPU
	EndGlobalSection
	GlobalSection(SolutionProperties) = preSolution
		HideSolutionNode = FALSE
	EndGlobalSection
	GlobalSection(ExtensibilityGlobals) = postSolution
		SolutionGuid = {C29D93E9-45E8-42F8-8555-18ACAC932AEE}
	EndGlobalSection
EndGlobal
